
Microsoft Visual Studio Solution File, Format Version 12.00
# Visual Studio Version 17
VisualStudioVersion = 17.14.36414.22 d17.14
MinimumVisualStudioVersion = 10.0.40219.1
Project("{FAE04EC0-301F-11D3-BF4B-00C04F79EFBC}") = "WindowsFormsApp8", "WindowsFormsApp8\WindowsFormsApp8.csproj", "{AB0778DF-964A-42BC-B657-5E8A1366D175}"
EndProject
Global
	GlobalSection(SolutionConfigurationPlatforms) = preSolution
		Debug|Any CPU = Debug|Any CPU
		Release|Any CPU = Release|Any CPU
	EndGlobalSection
	GlobalSection(ProjectConfigurationPlatforms) = postSolution
		{AB0778DF-964A-42BC-B657-5E8A1366D175}.Debug|Any CPU.ActiveCfg = Debug|Any CPU
		{AB0778DF-964A-42BC-B657-5E8A1366D175}.Debug|Any CPU.Build.0 = Debug|Any CPU
		{AB0778DF-964A-42BC-B657-5E8A1366D175}.Release|Any CPU.ActiveCfg = Release|Any CPU
		{AB0778DF-964A-42BC-B657-5E8A1366D175}.Release|Any CPU.Build.0 = Release|Any CPU
	EndGlobalSection
	GlobalSection(SolutionProperties) = preSolution
		HideSolutionNode = FALSE
	EndGlobalSection
	GlobalSection(ExtensibilityGlobals) = postSolution
		SolutionGuid = {605689B1-DF17-4AD1-96FE-7C60FF3A751B}
	EndGlobalSection
EndGlobal
