
Microsoft Visual Studio Solution File, Format Version 12.00
# Visual Studio Version 17
VisualStudioVersion = 17.3.32825.248
MinimumVisualStudioVersion = 10.0.40219.1
Project("{FAE04EC0-301F-11D3-BF4B-00C04F79EFBC}") = "WindowsFormsApp2", "WindowsFormsApp2\WindowsFormsApp2.csproj", "{9FC84543-AFFC-48C7-A0C5-356FC3919685}"
EndProject
Global
	GlobalSection(SolutionConfigurationPlatforms) = preSolution
		Debug|Any CPU = Debug|Any CPU
		Release|Any CPU = Release|Any CPU
	EndGlobalSection
	GlobalSection(ProjectConfigurationPlatforms) = postSolution
		{9FC84543-AFFC-48C7-A0C5-356FC3919685}.Debug|Any CPU.ActiveCfg = Debug|Any CPU
		{9FC84543-AFFC-48C7-A0C5-356FC3919685}.Debug|Any CPU.Build.0 = Debug|Any CPU
		{9FC84543-AFFC-48C7-A0C5-356FC3919685}.Release|Any CPU.ActiveCfg = Release|Any CPU
		{9FC84543-AFFC-48C7-A0C5-356FC3919685}.Release|Any CPU.Build.0 = Release|Any CPU
	EndGlobalSection
	GlobalSection(SolutionProperties) = preSolution
		HideSolutionNode = FALSE
	EndGlobalSection
	GlobalSection(ExtensibilityGlobals) = postSolution
		SolutionGuid = {6E325CEE-95A4-47E3-A2BA-E0881657DA42}
	EndGlobalSection
EndGlobal
