
Microsoft Visual Studio Solution File, Format Version 12.00
# Visual Studio Version 17
VisualStudioVersion = 17.3.32825.248
MinimumVisualStudioVersion = 10.0.40219.1
Project("{FAE04EC0-301F-11D3-BF4B-00C04F79EFBC}") = "WindowsFormsApp3", "WindowsFormsApp3\WindowsFormsApp3.csproj", "{86504F22-BF82-4B53-8E25-8D0E439F0447}"
EndProject
Global
	GlobalSection(SolutionConfigurationPlatforms) = preSolution
		Debug|Any CPU = Debug|Any CPU
		Release|Any CPU = Release|Any CPU
	EndGlobalSection
	GlobalSection(ProjectConfigurationPlatforms) = postSolution
		{86504F22-BF82-4B53-8E25-8D0E439F0447}.Debug|Any CPU.ActiveCfg = Debug|Any CPU
		{86504F22-BF82-4B53-8E25-8D0E439F0447}.Debug|Any CPU.Build.0 = Debug|Any CPU
		{86504F22-BF82-4B53-8E25-8D0E439F0447}.Release|Any CPU.ActiveCfg = Release|Any CPU
		{86504F22-BF82-4B53-8E25-8D0E439F0447}.Release|Any CPU.Build.0 = Release|Any CPU
	EndGlobalSection
	GlobalSection(SolutionProperties) = preSolution
		HideSolutionNode = FALSE
	EndGlobalSection
	GlobalSection(ExtensibilityGlobals) = postSolution
		SolutionGuid = {166F2DC8-F877-48EF-9583-BB4AFBC6EF4E}
	EndGlobalSection
EndGlobal
